
Microsoft Visual Studio Solution File, Format Version 12.00
# Visual Studio 15
VisualStudioVersion = 15.0.28307.329
MinimumVisualStudioVersion = 10.0.40219.1
Project("{FAE04EC0-301F-11D3-BF4B-00C04F79EFBC}") = "OtoparkOtomasyon", "OtoparkOtomasyon\OtoparkOtomasyon.csproj", "{8159DE1F-8C2F-4452-8C1B-743821D683D7}"
EndProject
Global
	GlobalSection(SolutionConfigurationPlatforms) = preSolution
		Debug|Any CPU = Debug|Any CPU
		Release|Any CPU = Release|Any CPU
	EndGlobalSection
	GlobalSection(ProjectConfigurationPlatforms) = postSolution
		{8159DE1F-8C2F-4452-8C1B-743821D683D7}.Debug|Any CPU.ActiveCfg = Debug|Any CPU
		{8159DE1F-8C2F-4452-8C1B-743821D683D7}.Debug|Any CPU.Build.0 = Debug|Any CPU
		{8159DE1F-8C2F-4452-8C1B-743821D683D7}.Release|Any CPU.ActiveCfg = Release|Any CPU
		{8159DE1F-8C2F-4452-8C1B-743821D683D7}.Release|Any CPU.Build.0 = Release|Any CPU
	EndGlobalSection
	GlobalSection(SolutionProperties) = preSolution
		HideSolutionNode = FALSE
	EndGlobalSection
	GlobalSection(ExtensibilityGlobals) = postSolution
		SolutionGuid = {A945EB6E-DB7C-4EE3-873F-F99640059764}
	EndGlobalSection
EndGlobal
